version: 6
environments:
  default:
    channels:
    - url: https://conda.anaconda.org/conda-forge/
    indexes:
    - https://pypi.org/simple
    packages:
      linux-aarch64:
      - conda: https://conda.anaconda.org/conda-forge/linux-aarch64/_openmp_mutex-4.5-2_gnu.tar.bz2
      - conda: https://conda.anaconda.org/conda-forge/linux-aarch64/bzip2-1.0.8-h4777abc_8.conda
      - conda: https://conda.anaconda.org/conda-forge/noarch/ca-certificates-2025.8.3-hbd8a1cb_0.conda
      - conda: https://conda.anaconda.org/conda-forge/linux-aarch64/ccache-4.11.3-h4889ad1_0.conda
      - conda: https://conda.anaconda.org/conda-forge/linux-aarch64/clang-20-20.1.8-default_he95a3c9_3.conda
      - conda: https://conda.anaconda.org/conda-forge/linux-aarch64/clang-format-21-21.1.1-default_he95a3c9_0.conda
      - conda: https://conda.anaconda.org/conda-forge/linux-aarch64/clang-format-21.1.1-default_he95a3c9_0.conda
      - conda: https://conda.anaconda.org/conda-forge/linux-aarch64/clang-tools-21.1.1-default_he95a3c9_0.conda
      - conda: https://conda.anaconda.org/conda-forge/linux-aarch64/cppcheck-2.18.3-py313hd808008_1.conda
      - conda: https://conda.anaconda.org/conda-forge/linux-aarch64/icu-75.1-hf9b3779_0.conda
      - conda: https://conda.anaconda.org/conda-forge/linux-aarch64/include-what-you-use-0.25-hfae3067_0.conda
      - conda: https://conda.anaconda.org/conda-forge/linux-aarch64/ld_impl_linux-aarch64-2.44-h5e2c951_1.conda
      - conda: https://conda.anaconda.org/conda-forge/linux-aarch64/libclang-cpp20.1-20.1.8-default_he95a3c9_3.conda
      - conda: https://conda.anaconda.org/conda-forge/linux-aarch64/libclang-cpp21.1-21.1.1-default_he95a3c9_0.conda
      - conda: https://conda.anaconda.org/conda-forge/linux-aarch64/libclang13-21.1.1-default_h94a09a5_0.conda
      - conda: https://conda.anaconda.org/conda-forge/linux-aarch64/libexpat-2.7.1-hfae3067_0.conda
      - conda: https://conda.anaconda.org/conda-forge/linux-aarch64/libffi-3.4.6-he21f813_1.conda
      - conda: https://conda.anaconda.org/conda-forge/linux-aarch64/libgcc-15.1.0-he277a41_5.conda
      - conda: https://conda.anaconda.org/conda-forge/linux-aarch64/libgcc-ng-15.1.0-he9431aa_5.conda
      - conda: https://conda.anaconda.org/conda-forge/linux-aarch64/libgfortran-15.1.0-he9431aa_5.conda
      - conda: https://conda.anaconda.org/conda-forge/linux-aarch64/libgfortran-ng-15.1.0-he9431aa_5.conda
      - conda: https://conda.anaconda.org/conda-forge/linux-aarch64/libgfortran5-15.1.0-hbc25352_5.conda
      - conda: https://conda.anaconda.org/conda-forge/linux-aarch64/libgomp-15.1.0-he277a41_5.conda
      - conda: https://conda.anaconda.org/conda-forge/linux-aarch64/libhiredis-1.0.2-h05efe27_0.tar.bz2
      - conda: https://conda.anaconda.org/conda-forge/linux-aarch64/libiconv-1.18-h90929bb_2.conda
      - conda: https://conda.anaconda.org/conda-forge/linux-aarch64/libllvm20-20.1.8-hfd2ba90_1.conda
      - conda: https://conda.anaconda.org/conda-forge/linux-aarch64/libllvm21-21.1.1-hfd2ba90_0.conda
      - conda: https://conda.anaconda.org/conda-forge/linux-aarch64/liblzma-5.8.1-h86ecc28_2.conda
      - conda: https://conda.anaconda.org/conda-forge/linux-aarch64/libmpdec-4.0.0-h86ecc28_0.conda
      - conda: https://conda.anaconda.org/conda-forge/linux-aarch64/libsqlite-3.50.4-h022381a_0.conda
      - conda: https://conda.anaconda.org/conda-forge/linux-aarch64/libstdcxx-15.1.0-h3f4de04_5.conda
      - conda: https://conda.anaconda.org/conda-forge/linux-aarch64/libstdcxx-ng-15.1.0-hf1166c9_5.conda
      - conda: https://conda.anaconda.org/conda-forge/linux-aarch64/libuuid-2.41.1-h3e4203c_0.conda
      - conda: https://conda.anaconda.org/conda-forge/linux-aarch64/libuv-1.51.0-he30d5cf_1.conda
      - conda: https://conda.anaconda.org/conda-forge/linux-aarch64/libxml2-16-2.15.0-h8591a01_0.conda
      - conda: https://conda.anaconda.org/conda-forge/linux-aarch64/libxml2-2.15.0-h788dabe_0.conda
      - conda: https://conda.anaconda.org/conda-forge/linux-aarch64/libzlib-1.3.1-h86ecc28_2.conda
      - conda: https://conda.anaconda.org/conda-forge/linux-aarch64/ncurses-6.5-ha32ae93_3.conda
      - conda: https://conda.anaconda.org/conda-forge/linux-aarch64/nodejs-24.4.1-hc854191_0.conda
      - conda: https://conda.anaconda.org/conda-forge/linux-aarch64/openssl-3.5.3-h8e36d6e_0.conda
      - conda: https://conda.anaconda.org/conda-forge/linux-aarch64/pcre-8.45-h01db608_0.tar.bz2
      - conda: https://conda.anaconda.org/conda-forge/linux-aarch64/prettier-3.6.2-h70496c1_1.conda
      - conda: https://conda.anaconda.org/conda-forge/noarch/pygments-2.19.2-pyhd8ed1ab_0.conda
      - conda: https://conda.anaconda.org/conda-forge/linux-aarch64/python-3.13.7-h23354eb_100_cp313.conda
      - conda: https://conda.anaconda.org/conda-forge/noarch/python_abi-3.13-8_cp313.conda
      - conda: https://conda.anaconda.org/conda-forge/linux-aarch64/readline-8.2-h8382b9d_2.conda
      - conda: https://conda.anaconda.org/conda-forge/linux-aarch64/tinyxml2-11.0.0-h5ad3122_0.conda
      - conda: https://conda.anaconda.org/conda-forge/linux-aarch64/tk-8.6.13-noxft_h5688188_102.conda
      - conda: https://conda.anaconda.org/conda-forge/linux-aarch64/treefmt-2.3.1-hb29eb48_0.conda
      - conda: https://conda.anaconda.org/conda-forge/noarch/tzdata-2025b-h78e105d_0.conda
      - conda: https://conda.anaconda.org/conda-forge/linux-aarch64/zstd-1.5.7-hbcf94c1_2.conda
      - pypi: https://files.pythonhosted.org/packages/78/b6/6307fbef88d9b5ee7421e68d78a9f162e0da4900bc5f5793f6d3d0e34fb8/annotated_types-0.7.0-py3-none-any.whl
      - pypi: https://files.pythonhosted.org/packages/6f/12/e5e0282d673bb9746bacfb6e2dba8719989d3660cdb2ea79aee9a9651afb/anyio-4.10.0-py3-none-any.whl
      - pypi: https://files.pythonhosted.org/packages/db/d3/9dcc0f5797f070ec8edf30fbadfb200e71d9db6b84d211e3b2085a7589a0/click-8.3.0-py3-none-any.whl
      - pypi: https://files.pythonhosted.org/packages/04/4b/29cac41a4d98d144bf5f6d33995617b185d14b22401f75ca86f384e87ff1/h11-0.16.0-py3-none-any.whl
      - pypi: https://files.pythonhosted.org/packages/76/c6/c88e154df9c4e1a2a66ccf0005a88dfb2650c1dffb6f5ce603dfbd452ce3/idna-3.10-py3-none-any.whl
      - pypi: https://files.pythonhosted.org/packages/94/54/e7d793b573f298e1c9013b8c4dade17d481164aa517d1d7148619c2cedbf/markdown_it_py-4.0.0-py3-none-any.whl
      - pypi: https://files.pythonhosted.org/packages/b3/38/89ba8ad64ae25be8de66a6d463314cf1eb366222074cfda9ee839c56a4b4/mdurl-0.1.2-py3-none-any.whl
      - pypi: https://files.pythonhosted.org/packages/d2/1d/1b658dbd2b9fa9c4c9f32accbfc0205d532c8c6194dc0f2a4c0428e7128a/nodeenv-1.9.1-py2.py3-none-any.whl
      - pypi: https://files.pythonhosted.org/packages/3e/d3/108f2006987c58e76691d5ae5d200dd3e0f532cb4e5fa3560751c3a1feba/pydantic-2.11.9-py3-none-any.whl
      - pypi: https://files.pythonhosted.org/packages/6f/5e/a0a7b8885c98889a18b6e376f344da1ef323d270b44edf8174d6bce4d622/pydantic_core-2.33.2-cp313-cp313-manylinux_2_17_aarch64.manylinux2014_aarch64.whl
      - pypi: https://files.pythonhosted.org/packages/58/f0/427018098906416f580e3cf1366d3b1abfb408a0652e9f31600c24a1903c/pydantic_settings-2.10.1-py3-none-any.whl
      - pypi: https://files.pythonhosted.org/packages/d5/1a/524f832e1ff1962a22a1accc775ca7b143ba2e9f5924bb6749dce566784a/pyright-1.1.405-py3-none-any.whl
      - pypi: https://files.pythonhosted.org/packages/5f/ed/539768cf28c661b5b068d66d96a2f155c4971a5d55684a514c1a0e0dec2f/python_dotenv-1.1.1-py3-none-any.whl
      - pypi: https://files.pythonhosted.org/packages/e3/30/3c4d035596d3cf444529e0b2953ad0466f6049528a879d27534700580395/rich-14.1.0-py3-none-any.whl
      - pypi: https://files.pythonhosted.org/packages/70/d6/cb3e3b4f03b9b0c4d4d8f06126d34b3394f6b4d764912fe80a1300696ef6/ruff-0.13.1-py3-none-manylinux_2_17_aarch64.manylinux2014_aarch64.whl
      - pypi: https://files.pythonhosted.org/packages/e9/44/75a9c9421471a6c4805dbf2356f7c181a29c1879239abab1ea2cc8f38b40/sniffio-1.3.1-py3-none-any.whl
      - pypi: https://files.pythonhosted.org/packages/be/72/2db2f49247d0a18b4f1bb9a5a39a0162869acf235f3a96418363947b3d46/starlette-0.48.0-py3-none-any.whl
      - pypi: https://files.pythonhosted.org/packages/18/67/36e9267722cc04a6b9f15c7f3441c2363321a3ea07da7ae0c0707beb2a9c/typing_extensions-4.15.0-py3-none-any.whl
      - pypi: https://files.pythonhosted.org/packages/17/69/cd203477f944c353c31bade965f880aa1061fd6bf05ded0726ca845b6ff7/typing_inspection-0.4.1-py3-none-any.whl
      - pypi: https://files.pythonhosted.org/packages/96/06/5cc0542b47c0338c1cb676b348e24a1c29acabc81000bced518231dded6f/uvicorn-0.36.0-py3-none-any.whl
      - pypi: https://files.pythonhosted.org/packages/05/68/b0afb3f79c8e832e6571022611adbdc36e35a44e14f129ba09709aa4bb7a/watchfiles-1.1.0-cp313-cp313-manylinux_2_17_aarch64.manylinux2014_aarch64.whl
      - pypi: https://files.pythonhosted.org/packages/31/1d/063b25dcc01faa8fada1469bdf769de3768b7044eac9d41f734fd7b6ad6d/websockets-15.0.1-cp313-cp313-manylinux_2_17_aarch64.manylinux2014_aarch64.whl
      - pypi: ./
packages:
- conda: https://conda.anaconda.org/conda-forge/linux-aarch64/_openmp_mutex-4.5-2_gnu.tar.bz2
  build_number: 16
  sha256: 3702bef2f0a4d38bd8288bbe54aace623602a1343c2cfbefd3fa188e015bebf0
  md5: 6168d71addc746e8f2b8d57dfd2edcea
  depends:
  - libgomp >=7.5.0
  constrains:
  - openmp_impl 9999
  license: BSD-3-Clause
  license_family: BSD
  purls: []
  size: 23712
  timestamp: 1650670790230
- pypi: https://files.pythonhosted.org/packages/78/b6/6307fbef88d9b5ee7421e68d78a9f162e0da4900bc5f5793f6d3d0e34fb8/annotated_types-0.7.0-py3-none-any.whl
  name: annotated-types
  version: 0.7.0
  sha256: 1f02e8b43a8fbbc3f3e0d4f0f4bfc8131bcb4eebe8849b8e5c773f3a1c582a53
  requires_dist:
  - typing-extensions>=4.0.0 ; python_full_version < '3.9'
  requires_python: '>=3.8'
- pypi: https://files.pythonhosted.org/packages/6f/12/e5e0282d673bb9746bacfb6e2dba8719989d3660cdb2ea79aee9a9651afb/anyio-4.10.0-py3-none-any.whl
  name: anyio
  version: 4.10.0
  sha256: 60e474ac86736bbfd6f210f7a61218939c318f43f9972497381f1c5e930ed3d1
  requires_dist:
  - exceptiongroup>=1.0.2 ; python_full_version < '3.11'
  - idna>=2.8
  - sniffio>=1.1
  - typing-extensions>=4.5 ; python_full_version < '3.13'
  - trio>=0.26.1 ; extra == 'trio'
  requires_python: '>=3.9'
- conda: https://conda.anaconda.org/conda-forge/linux-aarch64/bzip2-1.0.8-h4777abc_8.conda
  sha256: d2a296aa0b5f38ed9c264def6cf775c0ccb0f110ae156fcde322f3eccebf2e01
  md5: 2921ac0b541bf37c69e66bd6d9a43bca
  depends:
  - libgcc >=14
  license: bzip2-1.0.6
  license_family: BSD
  purls: []
  size: 192536
  timestamp: 1757437302703
- conda: https://conda.anaconda.org/conda-forge/noarch/ca-certificates-2025.8.3-hbd8a1cb_0.conda
  sha256: 837b795a2bb39b75694ba910c13c15fa4998d4bb2a622c214a6a5174b2ae53d1
  md5: 74784ee3d225fc3dca89edb635b4e5cc
  depends:
  - __unix
  license: ISC
  purls: []
  size: 154402
  timestamp: 1754210968730
- conda: https://conda.anaconda.org/conda-forge/linux-aarch64/ccache-4.11.3-h4889ad1_0.conda
  sha256: 21d9c49564d3792f3efc34046ca3fea8fa4fe9eaad655b8b218be26244396c24
  md5: e0b9e519da2bf0fb8c48381daf87a194
  depends:
  - libgcc >=13
  - libstdcxx >=13
  - libgcc >=13
  - zstd >=1.5.7,<1.6.0a0
  - libhiredis >=1.0.2,<1.1.0a0
  license: GPL-3.0-only
  license_family: GPL
  purls: []
  size: 739558
  timestamp: 1746271741284
- conda: https://conda.anaconda.org/conda-forge/linux-aarch64/clang-20-20.1.8-default_he95a3c9_3.conda
  sha256: bfe663a5478a5bb95c669d9cce579d5c3ebc381f565b15e093833cbe8e2d5b45
  md5: 816ff43a67b456a4f8998869c7954ea1
  depends:
  - libclang-cpp20.1 20.1.8 default_he95a3c9_3
  - libgcc >=14
  - libllvm20 >=20.1.8,<20.2.0a0
  - libstdcxx >=14
  license: Apache-2.0 WITH LLVM-exception
  license_family: Apache
  purls: []
  size: 814672
  timestamp: 1758240546369
- conda: https://conda.anaconda.org/conda-forge/linux-aarch64/clang-format-21.1.1-default_he95a3c9_0.conda
  sha256: 2a09ce348e4651b2140aff90b99bca15df148ae09f6da5c8f8e24769f1b760e7
  md5: 01182a02db3e0e3dc8a3a4bd3201f8e7
  depends:
  - clang-format-21 21.1.1 default_he95a3c9_0
  - libclang-cpp21.1 >=21.1.1,<21.2.0a0
  - libgcc >=14
  - libllvm21 >=21.1.1,<21.2.0a0
  - libstdcxx >=14
  license: Apache-2.0 WITH LLVM-exception
  license_family: Apache
  purls: []
  size: 24938
  timestamp: 1757615593094
- conda: https://conda.anaconda.org/conda-forge/linux-aarch64/clang-format-21-21.1.1-default_he95a3c9_0.conda
  sha256: af6a898609ea32f2da0a351c195ad28306f80e0d2f1a34d5ae1e88e3909f0542
  md5: 377b0230f3d3517665bd503418e8bee2
  depends:
  - libclang-cpp21.1 >=21.1.1,<21.2.0a0
  - libgcc >=14
  - libllvm21 >=21.1.1,<21.2.0a0
  - libstdcxx >=14
  license: Apache-2.0 WITH LLVM-exception
  license_family: Apache
  purls: []
  size: 68374
  timestamp: 1757615541182
- conda: https://conda.anaconda.org/conda-forge/linux-aarch64/clang-tools-21.1.1-default_he95a3c9_0.conda
  sha256: 9152f434c7389c8dc09bd0f196f3669ed173782ca328e50dd698c88a1be06119
  md5: d84a5382abfa4ce532d774993b0f2169
  depends:
  - clang-format 21.1.1 default_he95a3c9_0
  - libclang-cpp21.1 >=21.1.1,<21.2.0a0
  - libclang13 >=21.1.1
  - libgcc >=14
  - libllvm21 >=21.1.1,<21.2.0a0
  - libstdcxx >=14
  - libxml2
  - libxml2-16 >=2.14.6
  constrains:
  - clangdev 21.1.1
  license: Apache-2.0 WITH LLVM-exception
  license_family: Apache
  purls: []
  size: 22143353
  timestamp: 1757615655722
- pypi: https://files.pythonhosted.org/packages/db/d3/9dcc0f5797f070ec8edf30fbadfb200e71d9db6b84d211e3b2085a7589a0/click-8.3.0-py3-none-any.whl
  name: click
  version: 8.3.0
  sha256: 9b9f285302c6e3064f4330c05f05b81945b2a39544279343e6e7c5f27a9baddc
  requires_dist:
  - colorama ; sys_platform == 'win32'
  requires_python: '>=3.10'
- conda: https://conda.anaconda.org/conda-forge/linux-aarch64/cppcheck-2.18.3-py313hd808008_1.conda
  sha256: e5ead29dffab5adcfe880299535dfec61d9c295d502c44c2f751d2dfbec86812
  md5: 039f71163c5057a8b190df39ca8cb913
  depends:
  - pygments
  - python
  - python 3.13.* *_cp313
  - libstdcxx >=14
  - libgcc >=14
  - python_abi 3.13.* *_cp313
  - tinyxml2 >=11.0.0,<11.1.0a0
  - pcre >=8.45,<9.0a0
  license: GPL-3.0-or-later
  license_family: GPL
  purls:
  - pkg:pypi/cppcheck-htmlreport?source=hash-mapping
  size: 2926609
  timestamp: 1757440262177
- pypi: https://files.pythonhosted.org/packages/04/4b/29cac41a4d98d144bf5f6d33995617b185d14b22401f75ca86f384e87ff1/h11-0.16.0-py3-none-any.whl
  name: h11
  version: 0.16.0
  sha256: 63cf8bbe7522de3bf65932fda1d9c2772064ffb3dae62d55932da54b31cb6c86
  requires_python: '>=3.8'
- conda: https://conda.anaconda.org/conda-forge/linux-aarch64/icu-75.1-hf9b3779_0.conda
  sha256: 813298f2e54ef087dbfc9cc2e56e08ded41de65cff34c639cc8ba4e27e4540c9
  md5: 268203e8b983fddb6412b36f2024e75c
  depends:
  - libgcc-ng >=12
  - libstdcxx-ng >=12
  license: MIT
  license_family: MIT
  purls: []
  size: 12282786
  timestamp: 1720853454991
- pypi: https://files.pythonhosted.org/packages/76/c6/c88e154df9c4e1a2a66ccf0005a88dfb2650c1dffb6f5ce603dfbd452ce3/idna-3.10-py3-none-any.whl
  name: idna
  version: '3.10'
  sha256: 946d195a0d259cbba61165e88e65941f16e9b36ea6ddb97f00452bae8b1287d3
  requires_dist:
  - ruff>=0.6.2 ; extra == 'all'
  - mypy>=1.11.2 ; extra == 'all'
  - pytest>=8.3.2 ; extra == 'all'
  - flake8>=7.1.1 ; extra == 'all'
  requires_python: '>=3.6'
- conda: https://conda.anaconda.org/conda-forge/linux-aarch64/include-what-you-use-0.25-hfae3067_0.conda
  sha256: 6c76e180335ffe0b39435f4f24d784a7a77e21268efe8ce24071efe819bf948d
  md5: 9237ba9026f342afd0e1acfb55f9d8ef
  depends:
  - libclang-cpp21.1 >=21.1.1,<21.2.0a0
  - libgcc >=14
  - libllvm21 >=21.1.1,<21.2.0a0
  - libstdcxx >=14
  license: NCSA
  license_family: OTHER
  purls: []
  size: 838167
  timestamp: 1758357084485
- conda: https://conda.anaconda.org/conda-forge/linux-aarch64/ld_impl_linux-aarch64-2.44-h5e2c951_1.conda
  sha256: 80e75aed7ea8af589b9171e90d042a20f111bbb21f62d06f32ec124ec9fd1f58
  md5: c10832808cf155953061892b3656470a
  constrains:
  - binutils_impl_linux-aarch64 2.44
  license: GPL-3.0-only
  license_family: GPL
  purls: []
  size: 708449
  timestamp: 1752032823484
- conda: https://conda.anaconda.org/conda-forge/linux-aarch64/libclang-cpp20.1-20.1.8-default_he95a3c9_3.conda
  sha256: a1060be8a4d920ccc8512548abcc9b75f3121d491cf89f408111c2c07ccee100
  md5: 0bba8611f10876d031443b641be25252
  depends:
  - libgcc >=14
  - libllvm20 >=20.1.8,<20.2.0a0
  - libstdcxx >=14
  license: Apache-2.0 WITH LLVM-exception
  license_family: Apache
  purls: []
  size: 20793645
  timestamp: 1758240431447
- conda: https://conda.anaconda.org/conda-forge/linux-aarch64/libclang-cpp21.1-21.1.1-default_he95a3c9_0.conda
  sha256: 3b030a3a657da52577e3f469724ec38033d8b8f8bd4124642018f32c2740e737
  md5: 36bd4b780d7ab38f16476e229627af61
  depends:
  - libgcc >=14
  - libllvm21 >=21.1.1,<21.2.0a0
  - libstdcxx >=14
  license: Apache-2.0 WITH LLVM-exception
  license_family: Apache
  purls: []
  size: 20675218
  timestamp: 1757615096743
- conda: https://conda.anaconda.org/conda-forge/linux-aarch64/libclang13-21.1.1-default_h94a09a5_0.conda
  sha256: 110bccd6188fd6e773172a7a1aa2b521dd545a539ff5ab0c214bc1ec47973687
  md5: eb7bfc413ec8b3789c1318a5152e7814
  depends:
  - libgcc >=14
  - libllvm21 >=21.1.1,<21.2.0a0
  - libstdcxx >=14
  license: Apache-2.0 WITH LLVM-exception
  license_family: Apache
  purls: []
  size: 12121170
  timestamp: 1757615391333
- conda: https://conda.anaconda.org/conda-forge/linux-aarch64/libexpat-2.7.1-hfae3067_0.conda
  sha256: 378cabff44ea83ce4d9f9c59f47faa8d822561d39166608b3e65d1e06c927415
  md5: f75d19f3755461db2eb69401f5514f4c
  depends:
  - libgcc >=14
  constrains:
  - expat 2.7.1.*
  license: MIT
  license_family: MIT
  purls: []
  size: 74309
  timestamp: 1752719762749
- conda: https://conda.anaconda.org/conda-forge/linux-aarch64/libffi-3.4.6-he21f813_1.conda
  sha256: 608b8c8b0315423e524b48733d91edd43f95cb3354a765322ac306a858c2cd2e
  md5: 15a131f30cae36e9a655ca81fee9a285
  depends:
  - libgcc >=13
  license: MIT
  license_family: MIT
  purls: []
  size: 55847
  timestamp: 1743434586764
- conda: https://conda.anaconda.org/conda-forge/linux-aarch64/libgcc-15.1.0-he277a41_5.conda
  sha256: 99d44310fa159590766d77fdd2d90d26a13406f703591f64f4fb78ec7cfe142e
  md5: 1c5fcbb9e0d333dc1d9206b0847e2d93
  depends:
  - _openmp_mutex >=4.5
  constrains:
  - libgcc-ng ==15.1.0=*_5
  - libgomp 15.1.0 he277a41_5
  license: GPL-3.0-only WITH GCC-exception-3.1
  license_family: GPL
  purls: []
  size: 511668
  timestamp: 1757043002003
- conda: https://conda.anaconda.org/conda-forge/linux-aarch64/libgcc-ng-15.1.0-he9431aa_5.conda
  sha256: 560f36e3dafdc88b7122accbf4310266ca379cff43164008af97310df162ff50
  md5: 4391c20e103a64d4218ec82413407a40
  depends:
  - libgcc 15.1.0 he277a41_5
  license: GPL-3.0-only WITH GCC-exception-3.1
  license_family: GPL
  purls: []
  size: 29202
  timestamp: 1757043005856
- conda: https://conda.anaconda.org/conda-forge/linux-aarch64/libgfortran-15.1.0-he9431aa_5.conda
  sha256: f55135e78cb9821b42509510c45bbd5f243f9feac3576b1da775381ac108e078
  md5: a03b014591db03f173ab4e693b5d1ee3
  depends:
  - libgfortran5 15.1.0 hbc25352_5
  constrains:
  - libgfortran-ng ==15.1.0=*_5
  license: GPL-3.0-only WITH GCC-exception-3.1
  license_family: GPL
  purls: []
  size: 29170
  timestamp: 1757043028645
- conda: https://conda.anaconda.org/conda-forge/linux-aarch64/libgfortran-ng-15.1.0-he9431aa_5.conda
  sha256: 44688b7f76666b1c4cd37dffa8b6802d56c211f7af48f45e1024c4912deb3c68
  md5: 1f2d873c468cfed38a15c8c31aef1f3a
  depends:
  - libgfortran 15.1.0 he9431aa_5
  license: GPL-3.0-only WITH GCC-exception-3.1
  license_family: GPL
  purls: []
  size: 29184
  timestamp: 1757043194020
- conda: https://conda.anaconda.org/conda-forge/linux-aarch64/libgfortran5-15.1.0-hbc25352_5.conda
  sha256: 0120cd972289b1f5450877126d2283a362fa232fb1d402ed88f2f3a165bbf91a
  md5: f260278c4ca63276478273bf05d88ef6
  depends:
  - libgcc >=15.1.0
  constrains:
  - libgfortran 15.1.0
  license: GPL-3.0-only WITH GCC-exception-3.1
  license_family: GPL
  purls: []
  size: 1140408
  timestamp: 1757043013908
- conda: https://conda.anaconda.org/conda-forge/linux-aarch64/libgomp-15.1.0-he277a41_5.conda
  sha256: 3573b6f0b9037ee69c1fb39a6614c05f919191149196f2b33fb2acdf7caece59
  md5: da1eb826fad1995cb91f385da6efb919
  license: GPL-3.0-only WITH GCC-exception-3.1
  license_family: GPL
  purls: []
  size: 450637
  timestamp: 1757042941171
- conda: https://conda.anaconda.org/conda-forge/linux-aarch64/libhiredis-1.0.2-h05efe27_0.tar.bz2
  sha256: f8878068428e83acd4783186c57d51d963aa331e6aa1e14d01fe86dffa982cf3
  md5: a87f068744fd20334cd41489eb163bee
  depends:
  - libgcc-ng >=9.4.0
  - libgfortran-ng
  - libgfortran5 >=9.4.0
  - libstdcxx-ng >=9.4.0
  license: BSD-3-Clause
  license_family: BSD
  purls: []
  size: 145989
  timestamp: 1633983079265
- conda: https://conda.anaconda.org/conda-forge/linux-aarch64/libiconv-1.18-h90929bb_2.conda
  sha256: 1473451cd282b48d24515795a595801c9b65b567fe399d7e12d50b2d6cdb04d9
  md5: 5a86bf847b9b926f3a4f203339748d78
  depends:
  - libgcc >=14
  license: LGPL-2.1-only
  purls: []
  size: 791226
  timestamp: 1754910975665
- conda: https://conda.anaconda.org/conda-forge/linux-aarch64/libllvm20-20.1.8-hfd2ba90_1.conda
  sha256: 1a5eb7ebccdc23b0e606f9645cf5b436e01f161c80705bfb34d2793a36846b8f
  md5: 36f730da2c88718ea21242a7326292da
  depends:
  - libgcc >=14
  - libstdcxx >=14
  - libxml2
  - libxml2-16 >=2.14.5
  - libzlib >=1.3.1,<2.0a0
  - zstd >=1.5.7,<1.6.0a0
  license: Apache-2.0 WITH LLVM-exception
  license_family: Apache
  purls: []
  size: 42749733
  timestamp: 1757353785740
- conda: https://conda.anaconda.org/conda-forge/linux-aarch64/libllvm21-21.1.1-hfd2ba90_0.conda
  sha256: 2310fd468635eaf91c678fe79b44775aa04a01f5c156488d5988816963858ce2
  md5: d40f4939bc60ca247b48214f93e1e5ba
  depends:
  - libgcc >=14
  - libstdcxx >=14
  - libxml2
  - libxml2-16 >=2.14.6
  - libzlib >=1.3.1,<2.0a0
  - zstd >=1.5.7,<1.6.0a0
  license: Apache-2.0 WITH LLVM-exception
  license_family: Apache
  purls: []
  size: 43169525
  timestamp: 1757556410038
- conda: https://conda.anaconda.org/conda-forge/linux-aarch64/liblzma-5.8.1-h86ecc28_2.conda
  sha256: 498ea4b29155df69d7f20990a7028d75d91dbea24d04b2eb8a3d6ef328806849
  md5: 7d362346a479256857ab338588190da0
  depends:
  - libgcc >=13
  constrains:
  - xz 5.8.1.*
  license: 0BSD
  purls: []
  size: 125103
  timestamp: 1749232230009
- conda: https://conda.anaconda.org/conda-forge/linux-aarch64/libmpdec-4.0.0-h86ecc28_0.conda
  sha256: ef8697f934c80b347bf9d7ed45650928079e303bad01bd064995b0e3166d6e7a
  md5: 78cfed3f76d6f3f279736789d319af76
  depends:
  - libgcc >=13
  license: BSD-2-Clause
  license_family: BSD
  purls: []
  size: 114064
  timestamp: 1748393729243
- conda: https://conda.anaconda.org/conda-forge/linux-aarch64/libsqlite-3.50.4-h022381a_0.conda
  sha256: a361dc926f232e7f3aa664dbd821f12817601c07d2c8751a0668c2fb07d0e202
  md5: 0ad1b73a3df7e3376c14efe6dabe6987
  depends:
  - libgcc >=14
  - libzlib >=1.3.1,<2.0a0
  license: blessing
  purls: []
  size: 931661
  timestamp: 1753948557036
- conda: https://conda.anaconda.org/conda-forge/linux-aarch64/libstdcxx-15.1.0-h3f4de04_5.conda
  sha256: 012b552fdb3fc4f703341b4c6d56313951f3fa8e817a7e7ecaef99d51920faad
  md5: 06758dc7550f212f095936e35255f32e
  depends:
  - libgcc 15.1.0 he277a41_5
  license: GPL-3.0-only WITH GCC-exception-3.1
  license_family: GPL
  purls: []
  size: 3827611
  timestamp: 1757043023868
- conda: https://conda.anaconda.org/conda-forge/linux-aarch64/libstdcxx-ng-15.1.0-hf1166c9_5.conda
  sha256: 67567a6ceb581b5ece3e9a43cbf37e8781313917c3227eb53e9d31ba61d02277
  md5: 08ea9416b779ffbe8e11b5b835919468
  depends:
  - libstdcxx 15.1.0 h3f4de04_5
  license: GPL-3.0-only WITH GCC-exception-3.1
  license_family: GPL
  purls: []
  size: 29229
  timestamp: 1757043052495
- conda: https://conda.anaconda.org/conda-forge/linux-aarch64/libuuid-2.41.1-h3e4203c_0.conda
  sha256: 4c27cf85e5f71d8d886b17743005bb95041299739f1c09a83f40e15fca24af56
  md5: 7a37d5ca406edc9ae46bb56932f9bea0
  depends:
  - libgcc >=14
  license: BSD-3-Clause
  license_family: BSD
  purls: []
  size: 39065
  timestamp: 1757334544078
- conda: https://conda.anaconda.org/conda-forge/linux-aarch64/libuv-1.51.0-he30d5cf_1.conda
  sha256: 7a0fb5638582efc887a18b7d270b0c4a6f6e681bf401cab25ebafa2482569e90
  md5: 8e62bf5af966325ee416f19c6f14ffa3
  depends:
  - libgcc >=14
  license: MIT
  license_family: MIT
  purls: []
  size: 629238
  timestamp: 1753948296190
- conda: https://conda.anaconda.org/conda-forge/linux-aarch64/libxml2-2.15.0-h788dabe_0.conda
  sha256: c87da5228a24922d3aaba281cf8bf9b404e1275f7d031d383b288079cef520cf
  md5: b7b5378d5feb195b84905fb346b49ba8
  depends:
  - icu >=75.1,<76.0a0
  - libgcc >=14
  - libiconv >=1.18,<2.0a0
  - liblzma >=5.8.1,<6.0a0
  - libxml2-16 2.15.0 h8591a01_0
  - libzlib >=1.3.1,<2.0a0
  license: MIT
  license_family: MIT
  purls: []
  size: 47395
  timestamp: 1757953508952
- conda: https://conda.anaconda.org/conda-forge/linux-aarch64/libxml2-16-2.15.0-h8591a01_0.conda
  sha256: 3378ce1819ff97b5043ea52d81ebe20e1d7c3bb3d24f4e06dfd112b519b74e28
  md5: 05ba556085fa418916bf007243fe389a
  depends:
  - icu >=75.1,<76.0a0
  - libgcc >=14
  - libiconv >=1.18,<2.0a0
  - liblzma >=5.8.1,<6.0a0
  - libzlib >=1.3.1,<2.0a0
  constrains:
  - libxml2 2.15.0
  license: MIT
  license_family: MIT
  purls: []
  size: 599770
  timestamp: 1757953500351
- conda: https://conda.anaconda.org/conda-forge/linux-aarch64/libzlib-1.3.1-h86ecc28_2.conda
  sha256: 5a2c1eeef69342e88a98d1d95bff1603727ab1ff4ee0e421522acd8813439b84
  md5: 08aad7cbe9f5a6b460d0976076b6ae64
  depends:
  - libgcc >=13
  constrains:
  - zlib 1.3.1 *_2
  license: Zlib
  license_family: Other
  purls: []
  size: 66657
  timestamp: 1727963199518
- pypi: https://files.pythonhosted.org/packages/94/54/e7d793b573f298e1c9013b8c4dade17d481164aa517d1d7148619c2cedbf/markdown_it_py-4.0.0-py3-none-any.whl
  name: markdown-it-py
  version: 4.0.0
  sha256: 87327c59b172c5011896038353a81343b6754500a08cd7a4973bb48c6d578147
  requires_dist:
  - mdurl~=0.1
  - psutil ; extra == 'benchmarking'
  - pytest ; extra == 'benchmarking'
  - pytest-benchmark ; extra == 'benchmarking'
  - commonmark~=0.9 ; extra == 'compare'
  - markdown~=3.4 ; extra == 'compare'
  - mistletoe~=1.0 ; extra == 'compare'
  - mistune~=3.0 ; extra == 'compare'
  - panflute~=2.3 ; extra == 'compare'
  - markdown-it-pyrs ; extra == 'compare'
  - linkify-it-py>=1,<3 ; extra == 'linkify'
  - mdit-py-plugins>=0.5.0 ; extra == 'plugins'
  - gprof2dot ; extra == 'profiling'
  - mdit-py-plugins>=0.5.0 ; extra == 'rtd'
  - myst-parser ; extra == 'rtd'
  - pyyaml ; extra == 'rtd'
  - sphinx ; extra == 'rtd'
  - sphinx-copybutton ; extra == 'rtd'
  - sphinx-design ; extra == 'rtd'
  - sphinx-book-theme~=1.0 ; extra == 'rtd'
  - jupyter-sphinx ; extra == 'rtd'
  - ipykernel ; extra == 'rtd'
  - coverage ; extra == 'testing'
  - pytest ; extra == 'testing'
  - pytest-cov ; extra == 'testing'
  - pytest-regressions ; extra == 'testing'
  - requests ; extra == 'testing'
  requires_python: '>=3.10'
- pypi: https://files.pythonhosted.org/packages/b3/38/89ba8ad64ae25be8de66a6d463314cf1eb366222074cfda9ee839c56a4b4/mdurl-0.1.2-py3-none-any.whl
  name: mdurl
  version: 0.1.2
  sha256: 84008a41e51615a49fc9966191ff91509e3c40b939176e643fd50a5c2196b8f8
  requires_python: '>=3.7'
- conda: https://conda.anaconda.org/conda-forge/linux-aarch64/ncurses-6.5-ha32ae93_3.conda
  sha256: 91cfb655a68b0353b2833521dc919188db3d8a7f4c64bea2c6a7557b24747468
  md5: 182afabe009dc78d8b73100255ee6868
  depends:
  - libgcc >=13
  license: X11 AND BSD-3-Clause
  purls: []
  size: 926034
  timestamp: 1738196018799
- pypi: https://files.pythonhosted.org/packages/d2/1d/1b658dbd2b9fa9c4c9f32accbfc0205d532c8c6194dc0f2a4c0428e7128a/nodeenv-1.9.1-py2.py3-none-any.whl
  name: nodeenv
  version: 1.9.1
  sha256: ba11c9782d29c27c70ffbdda2d7415098754709be8a7056d79a737cd901155c9
  requires_python: '>=2.7,!=3.0.*,!=3.1.*,!=3.2.*,!=3.3.*,!=3.4.*,!=3.5.*,!=3.6.*'
- conda: https://conda.anaconda.org/conda-forge/linux-aarch64/nodejs-24.4.1-hc854191_0.conda
  sha256: ee8bfd840a9f424c438cb27924b7d1e7d76ad2738c3491282b43870d21b9ec25
  md5: a63b485569ea05f8618b76e312b7e2ec
  depends:
  - libgcc >=14
  - __glibc >=2.28,<3.0.a0
  - libstdcxx >=14
  - libgcc >=14
  - icu >=75.1,<76.0a0
  - libzlib >=1.3.1,<2.0a0
  - openssl >=3.5.1,<4.0a0
  - libuv >=1.51.0,<2.0a0
  license: MIT
  license_family: MIT
  purls: []
  size: 26871387
  timestamp: 1752839485839
- conda: https://conda.anaconda.org/conda-forge/linux-aarch64/openssl-3.5.3-h8e36d6e_0.conda
  sha256: c49cf293dd91d89667ab44c082992e4f48d26f7b5de3c4bf93bb45e5c117a69a
  md5: 5b1e046cbeabd969b153a1b1b0941b70
  depends:
  - ca-certificates
  - libgcc >=14
  license: Apache-2.0
  license_family: Apache
  purls: []
  size: 3660538
  timestamp: 1758042503340
- conda: https://conda.anaconda.org/conda-forge/linux-aarch64/pcre-8.45-h01db608_0.tar.bz2
  sha256: 7a6062de76f695f6d8f0ddda0ff171e4b47e2b863d6012def440c7703aea0069
  md5: 3963d9f84749d6cdba1f12c65967ccd1
  depends:
  - libgcc-ng >=9.3.0
  - libstdcxx-ng >=9.3.0
  license: BSD-3-Clause
  license_family: BSD
  purls: []
  size: 249883
  timestamp: 1623793306266
- conda: https://conda.anaconda.org/conda-forge/linux-aarch64/prettier-3.6.2-h70496c1_1.conda
  sha256: 8fff7bd7eea756de4470e758324365593064fca73888a29265f7ce581796256a
  md5: bdc884f77fe5e1a32f660d0444f431f6
  depends:
  - nodejs
  - nodejs >=24.3.0,<25.0a0
  license: MIT
  license_family: MIT
  purls: []
  size: 1085790
  timestamp: 1752245753237
- pypi: https://files.pythonhosted.org/packages/3e/d3/108f2006987c58e76691d5ae5d200dd3e0f532cb4e5fa3560751c3a1feba/pydantic-2.11.9-py3-none-any.whl
  name: pydantic
  version: 2.11.9
  sha256: c42dd626f5cfc1c6950ce6205ea58c93efa406da65f479dcb4029d5934857da2
  requires_dist:
  - annotated-types>=0.6.0
  - pydantic-core==2.33.2
  - typing-extensions>=4.12.2
  - typing-inspection>=0.4.0
  - email-validator>=2.0.0 ; extra == 'email'
  - tzdata ; python_full_version >= '3.9' and sys_platform == 'win32' and extra == 'timezone'
  requires_python: '>=3.9'
- pypi: https://files.pythonhosted.org/packages/6f/5e/a0a7b8885c98889a18b6e376f344da1ef323d270b44edf8174d6bce4d622/pydantic_core-2.33.2-cp313-cp313-manylinux_2_17_aarch64.manylinux2014_aarch64.whl
  name: pydantic-core
  version: 2.33.2
  sha256: 0a9f2c9dd19656823cb8250b0724ee9c60a82f3cdf68a080979d13092a3b0fef
  requires_dist:
  - typing-extensions>=4.6.0,!=4.7.0
  requires_python: '>=3.9'
- pypi: https://files.pythonhosted.org/packages/58/f0/427018098906416f580e3cf1366d3b1abfb408a0652e9f31600c24a1903c/pydantic_settings-2.10.1-py3-none-any.whl
  name: pydantic-settings
  version: 2.10.1
  sha256: a60952460b99cf661dc25c29c0ef171721f98bfcb52ef8d9ea4c943d7c8cc796
  requires_dist:
  - pydantic>=2.7.0
  - python-dotenv>=0.21.0
  - typing-inspection>=0.4.0
  - boto3-stubs[secretsmanager] ; extra == 'aws-secrets-manager'
  - boto3>=1.35.0 ; extra == 'aws-secrets-manager'
  - azure-identity>=1.16.0 ; extra == 'azure-key-vault'
  - azure-keyvault-secrets>=4.8.0 ; extra == 'azure-key-vault'
  - google-cloud-secret-manager>=2.23.1 ; extra == 'gcp-secret-manager'
  - tomli>=2.0.1 ; extra == 'toml'
  - pyyaml>=6.0.1 ; extra == 'yaml'
  requires_python: '>=3.9'
- conda: https://conda.anaconda.org/conda-forge/noarch/pygments-2.19.2-pyhd8ed1ab_0.conda
  sha256: 5577623b9f6685ece2697c6eb7511b4c9ac5fb607c9babc2646c811b428fd46a
  md5: 6b6ece66ebcae2d5f326c77ef2c5a066
  depends:
  - python >=3.9
  license: BSD-2-Clause
  license_family: BSD
  purls:
  - pkg:pypi/pygments?source=hash-mapping
  size: 889287
  timestamp: 1750615908735
- pypi: https://files.pythonhosted.org/packages/d5/1a/524f832e1ff1962a22a1accc775ca7b143ba2e9f5924bb6749dce566784a/pyright-1.1.405-py3-none-any.whl
  name: pyright
  version: 1.1.405
  sha256: a2cb13700b5508ce8e5d4546034cb7ea4aedb60215c6c33f56cec7f53996035a
  requires_dist:
  - nodeenv>=1.6.0
  - typing-extensions>=4.1
  - twine>=3.4.1 ; extra == 'all'
  - nodejs-wheel-binaries ; extra == 'all'
  - twine>=3.4.1 ; extra == 'dev'
  - nodejs-wheel-binaries ; extra == 'nodejs'
  requires_python: '>=3.7'
- conda: https://conda.anaconda.org/conda-forge/linux-aarch64/python-3.13.7-h23354eb_100_cp313.conda
  build_number: 100
  sha256: aa5b5175de6ed42f392ea072d7c0be4f5b2bfabbc3106147b342ebb83e6ba347
  md5: 30083e2e4f0c0b378079e25aba9f46e3
  depends:
  - bzip2 >=1.0.8,<2.0a0
  - ld_impl_linux-aarch64 >=2.36.1
  - libexpat >=2.7.1,<3.0a0
  - libffi >=3.4.6,<3.5.0a0
  - libgcc >=14
  - liblzma >=5.8.1,<6.0a0
  - libmpdec >=4.0.0,<5.0a0
  - libsqlite >=3.50.4,<4.0a0
  - libuuid >=2.38.1,<3.0a0
  - libzlib >=1.3.1,<2.0a0
  - ncurses >=6.5,<7.0a0
  - openssl >=3.5.2,<4.0a0
  - python_abi 3.13.* *_cp313
  - readline >=8.2,<9.0a0
  - tk >=8.6.13,<8.7.0a0
  - tzdata
  license: Python-2.0
  purls: []
  size: 33835100
  timestamp: 1756909922074
  python_site_packages_path: lib/python3.13/site-packages
- pypi: https://files.pythonhosted.org/packages/5f/ed/539768cf28c661b5b068d66d96a2f155c4971a5d55684a514c1a0e0dec2f/python_dotenv-1.1.1-py3-none-any.whl
  name: python-dotenv
  version: 1.1.1
  sha256: 31f23644fe2602f88ff55e1f5c79ba497e01224ee7737937930c448e4d0e24dc
  requires_dist:
  - click>=5.0 ; extra == 'cli'
  requires_python: '>=3.9'
- conda: https://conda.anaconda.org/conda-forge/noarch/python_abi-3.13-8_cp313.conda
  build_number: 8
  sha256: 210bffe7b121e651419cb196a2a63687b087497595c9be9d20ebe97dd06060a7
  md5: 94305520c52a4aa3f6c2b1ff6008d9f8
  constrains:
  - python 3.13.* *_cp313
  license: BSD-3-Clause
  license_family: BSD
  purls: []
  size: 7002
  timestamp: 1752805902938
- conda: https://conda.anaconda.org/conda-forge/linux-aarch64/readline-8.2-h8382b9d_2.conda
  sha256: 54bed3a3041befaa9f5acde4a37b1a02f44705b7796689574bcf9d7beaad2959
  md5: c0f08fc2737967edde1a272d4bf41ed9
  depends:
  - libgcc >=13
  - ncurses >=6.5,<7.0a0
  license: GPL-3.0-only
  license_family: GPL
  purls: []
  size: 291806
  timestamp: 1740380591358
- pypi: https://files.pythonhosted.org/packages/e3/30/3c4d035596d3cf444529e0b2953ad0466f6049528a879d27534700580395/rich-14.1.0-py3-none-any.whl
  name: rich
  version: 14.1.0
  sha256: 536f5f1785986d6dbdea3c75205c473f970777b4a0d6c6dd1b696aa05a3fa04f
  requires_dist:
  - ipywidgets>=7.5.1,<9 ; extra == 'jupyter'
  - markdown-it-py>=2.2.0
  - pygments>=2.13.0,<3.0.0
  requires_python: '>=3.8.0'
- pypi: https://files.pythonhosted.org/packages/70/d6/cb3e3b4f03b9b0c4d4d8f06126d34b3394f6b4d764912fe80a1300696ef6/ruff-0.13.1-py3-none-manylinux_2_17_aarch64.manylinux2014_aarch64.whl
  name: ruff
  version: 0.13.1
  sha256: 80524f84a01355a59a93cef98d804e2137639823bcee2931f5028e71134a954e
  requires_python: '>=3.7'
- pypi: https://files.pythonhosted.org/packages/e9/44/75a9c9421471a6c4805dbf2356f7c181a29c1879239abab1ea2cc8f38b40/sniffio-1.3.1-py3-none-any.whl
  name: sniffio
  version: 1.3.1
  sha256: 2f6da418d1f1e0fddd844478f41680e794e6051915791a034ff65e5f100525a2
  requires_python: '>=3.7'
- pypi: https://files.pythonhosted.org/packages/be/72/2db2f49247d0a18b4f1bb9a5a39a0162869acf235f3a96418363947b3d46/starlette-0.48.0-py3-none-any.whl
  name: starlette
  version: 0.48.0
  sha256: 0764ca97b097582558ecb498132ed0c7d942f233f365b86ba37770e026510659
  requires_dist:
  - anyio>=3.6.2,<5
  - typing-extensions>=4.10.0 ; python_full_version < '3.13'
  - httpx>=0.27.0,<0.29.0 ; extra == 'full'
  - itsdangerous ; extra == 'full'
  - jinja2 ; extra == 'full'
  - python-multipart>=0.0.18 ; extra == 'full'
  - pyyaml ; extra == 'full'
  requires_python: '>=3.9'
- conda: https://conda.anaconda.org/conda-forge/linux-aarch64/tinyxml2-11.0.0-h5ad3122_0.conda
  sha256: 720c2f979947b22940424245b780a792b947a4e2d8bfb9939acf75dcb4728af9
  md5: ffd0eb9816b6372f7283d3d7ba830ac1
  depends:
  - libstdcxx >=13
  - libgcc >=13
  license: Zlib
  purls: []
  size: 133310
  timestamp: 1742246428717
- conda: https://conda.anaconda.org/conda-forge/linux-aarch64/tk-8.6.13-noxft_h5688188_102.conda
  sha256: 46e10488e9254092c655257c18fcec0a9864043bdfbe935a9fbf4fb2028b8514
  md5: 2562c9bfd1de3f9c590f0fe53858d85c
  depends:
  - libgcc >=13
  - libzlib >=1.3.1,<2.0a0
  license: TCL
  license_family: BSD
  purls: []
  size: 3342845
  timestamp: 1748393219221
- conda: https://conda.anaconda.org/conda-forge/linux-aarch64/treefmt-2.3.1-hb29eb48_0.conda
  sha256: 8913de9879a027dbb39721eee7d32a1a2416571e75e614f73b818ab40eb4ceec
  md5: 6d7029843c50e24dbfbd0702b074b024
  license: MIT
  license_family: MIT
  purls: []
  size: 2854493
  timestamp: 1747856757815
- pypi: https://files.pythonhosted.org/packages/18/67/36e9267722cc04a6b9f15c7f3441c2363321a3ea07da7ae0c0707beb2a9c/typing_extensions-4.15.0-py3-none-any.whl
  name: typing-extensions
  version: 4.15.0
  sha256: f0fa19c6845758ab08074a0cfa8b7aecb71c999ca73d62883bc25cc018c4e548
  requires_python: '>=3.9'
- pypi: https://files.pythonhosted.org/packages/17/69/cd203477f944c353c31bade965f880aa1061fd6bf05ded0726ca845b6ff7/typing_inspection-0.4.1-py3-none-any.whl
  name: typing-inspection
  version: 0.4.1
  sha256: 389055682238f53b04f7badcb49b989835495a96700ced5dab2d8feae4b26f51
  requires_dist:
  - typing-extensions>=4.12.0
  requires_python: '>=3.9'
- conda: https://conda.anaconda.org/conda-forge/noarch/tzdata-2025b-h78e105d_0.conda
  sha256: 5aaa366385d716557e365f0a4e9c3fca43ba196872abbbe3d56bb610d131e192
  md5: 4222072737ccff51314b5ece9c7d6f5a
  license: LicenseRef-Public-Domain
  purls: []
  size: 122968
  timestamp: 1742727099393
- pypi: https://files.pythonhosted.org/packages/96/06/5cc0542b47c0338c1cb676b348e24a1c29acabc81000bced518231dded6f/uvicorn-0.36.0-py3-none-any.whl
  name: uvicorn
  version: 0.36.0
  sha256: 6bb4ba67f16024883af8adf13aba3a9919e415358604ce46780d3f9bdc36d731
  requires_dist:
  - click>=7.0
  - h11>=0.8
  - typing-extensions>=4.0 ; python_full_version < '3.11'
  - colorama>=0.4 ; sys_platform == 'win32' and extra == 'standard'
  - httptools>=0.6.3 ; extra == 'standard'
  - python-dotenv>=0.13 ; extra == 'standard'
  - pyyaml>=5.1 ; extra == 'standard'
  - uvloop>=0.15.1 ; platform_python_implementation != 'PyPy' and sys_platform != 'cygwin' and sys_platform != 'win32' and extra == 'standard'
  - watchfiles>=0.13 ; extra == 'standard'
  - websockets>=10.4 ; extra == 'standard'
  requires_python: '>=3.9'
- pypi: ./
  name: watch-my-cpp
  version: 0.1.0
  sha256: 1a987da26183a571094136aaf0f481c6b604e5dcce9f66c44e94d9037d9463b6
  requires_dist:
  - pydantic-settings>=2.10.1
  - pyright>=1.1.405
  - rich>=14.1.0
  - ruff>=0.13.1
  - starlette>=0.48.0
  - uvicorn>=0.36.0
  - watchfiles>=1.1.0
  - websockets>=15.0.1
  requires_python: '>=3.13'
  editable: true
- pypi: https://files.pythonhosted.org/packages/05/68/b0afb3f79c8e832e6571022611adbdc36e35a44e14f129ba09709aa4bb7a/watchfiles-1.1.0-cp313-cp313-manylinux_2_17_aarch64.manylinux2014_aarch64.whl
  name: watchfiles
  version: 1.1.0
  sha256: f2f0498b7d2a3c072766dba3274fe22a183dbea1f99d188f1c6c72209a1063dc
  requires_dist:
  - anyio>=3.0.0
  requires_python: '>=3.9'
- pypi: https://files.pythonhosted.org/packages/31/1d/063b25dcc01faa8fada1469bdf769de3768b7044eac9d41f734fd7b6ad6d/websockets-15.0.1-cp313-cp313-manylinux_2_17_aarch64.manylinux2014_aarch64.whl
  name: websockets
  version: 15.0.1
  sha256: 595b6c3969023ecf9041b2936ac3827e4623bfa3ccf007575f04c5a6aa318c22
  requires_python: '>=3.9'
- conda: https://conda.anaconda.org/conda-forge/linux-aarch64/zstd-1.5.7-hbcf94c1_2.conda
  sha256: 0812e7b45f087cfdd288690ada718ce5e13e8263312e03b643dd7aa50d08b51b
  md5: 5be90c5a3e4b43c53e38f50a85e11527
  depends:
  - libgcc >=13
  - libstdcxx >=13
  - libzlib >=1.3.1,<2.0a0
  license: BSD-3-Clause
  license_family: BSD
  purls: []
  size: 551176
  timestamp: 1742433378347
